
Microsoft Visual Studio Solution File, Format Version 12.00
# Visual Studio Version 17
VisualStudioVersion = 17.0.31903.59
MinimumVisualStudioVersion = 10.0.40219.1
Project("{2150E333-8FDC-42A3-9474-1A3956D46DE8}") = "src", "src", "{827E0CD3-B72D-47B6-A68D-7590B98EB39B}"
EndProject
Project("{FAE04EC0-301F-11D3-BF4B-00C04F79EFBC}") = "AdvancedMemory.Api", "src\AdvancedMemory.Api\AdvancedMemory.Api.csproj", "{AC631A6D-9908-48B1-8248-0B609CAF499A}"
EndProject
Project("{FAE04EC0-301F-11D3-BF4B-00C04F79EFBC}") = "AdvancedMemory.Core", "src\AdvancedMemory.Core\AdvancedMemory.Core.csproj", "{634BF0BF-262B-4CF0-849D-18F44F00F80A}"
EndProject
Project("{FAE04EC0-301F-11D3-BF4B-00C04F79EFBC}") = "AdvancedMemory.Shared", "src\AdvancedMemory.Shared\AdvancedMemory.Shared.csproj", "{3FD02B7C-780A-41EC-83E5-B958E613C3F5}"
EndProject
Project("{FAE04EC0-301F-11D3-BF4B-00C04F79EFBC}") = "AdvancedMemory.Tests", "tests\AdvancedMemory.Tests\AdvancedMemory.Tests.csproj", "{9593DF56-0E57-4A52-8B2B-D434D2455A13}"
EndProject
Project("{2150E333-8FDC-42A3-9474-1A3956D46DE8}") = "AdvancedMemory.AppHost", "AdvancedMemory.AppHost", "{B99945AE-43EE-86F1-07AD-E6368DA94D16}"
EndProject
Project("{FAE04EC0-301F-11D3-BF4B-00C04F79EFBC}") = "AdvancedMemory.AppHost.AppHost", "src\AdvancedMemory.AppHost\AdvancedMemory.AppHost.AppHost\AdvancedMemory.AppHost.AppHost.csproj", "{FF94668A-68CE-48AF-BACA-8E767A1843B6}"
EndProject
Project("{FAE04EC0-301F-11D3-BF4B-00C04F79EFBC}") = "AdvancedMemory.AppHost.ApiService", "src\AdvancedMemory.AppHost\AdvancedMemory.AppHost.ApiService\AdvancedMemory.AppHost.ApiService.csproj", "{40692837-357E-4CAE-A757-D31A039F89D3}"
EndProject
Project("{FAE04EC0-301F-11D3-BF4B-00C04F79EFBC}") = "AdvancedMemory.AppHost.ServiceDefaults", "src\AdvancedMemory.AppHost\AdvancedMemory.AppHost.ServiceDefaults\AdvancedMemory.AppHost.ServiceDefaults.csproj", "{4DC02520-9D08-4857-B60E-65BA52176D73}"
EndProject
Project("{FAE04EC0-301F-11D3-BF4B-00C04F79EFBC}") = "AdvancedMemory.AppHost.Web", "src\AdvancedMemory.AppHost\AdvancedMemory.AppHost.Web\AdvancedMemory.AppHost.Web.csproj", "{2B0BFE40-68E5-47DD-849A-8467BBC702F5}"
EndProject
Global
	GlobalSection(SolutionConfigurationPlatforms) = preSolution
		Debug|Any CPU = Debug|Any CPU
		Debug|x64 = Debug|x64
		Debug|x86 = Debug|x86
		Release|Any CPU = Release|Any CPU
		Release|x64 = Release|x64
		Release|x86 = Release|x86
	EndGlobalSection
	GlobalSection(ProjectConfigurationPlatforms) = postSolution
		{AC631A6D-9908-48B1-8248-0B609CAF499A}.Debug|Any CPU.ActiveCfg = Debug|Any CPU
		{AC631A6D-9908-48B1-8248-0B609CAF499A}.Debug|Any CPU.Build.0 = Debug|Any CPU
		{AC631A6D-9908-48B1-8248-0B609CAF499A}.Debug|x64.ActiveCfg = Debug|Any CPU
		{AC631A6D-9908-48B1-8248-0B609CAF499A}.Debug|x64.Build.0 = Debug|Any CPU
		{AC631A6D-9908-48B1-8248-0B609CAF499A}.Debug|x86.ActiveCfg = Debug|Any CPU
		{AC631A6D-9908-48B1-8248-0B609CAF499A}.Debug|x86.Build.0 = Debug|Any CPU
		{AC631A6D-9908-48B1-8248-0B609CAF499A}.Release|Any CPU.ActiveCfg = Release|Any CPU
		{AC631A6D-9908-48B1-8248-0B609CAF499A}.Release|Any CPU.Build.0 = Release|Any CPU
		{AC631A6D-9908-48B1-8248-0B609CAF499A}.Release|x64.ActiveCfg = Release|Any CPU
		{AC631A6D-9908-48B1-8248-0B609CAF499A}.Release|x64.Build.0 = Release|Any CPU
		{AC631A6D-9908-48B1-8248-0B609CAF499A}.Release|x86.ActiveCfg = Release|Any CPU
		{AC631A6D-9908-48B1-8248-0B609CAF499A}.Release|x86.Build.0 = Release|Any CPU
		{634BF0BF-262B-4CF0-849D-18F44F00F80A}.Debug|Any CPU.ActiveCfg = Debug|Any CPU
		{634BF0BF-262B-4CF0-849D-18F44F00F80A}.Debug|Any CPU.Build.0 = Debug|Any CPU
		{634BF0BF-262B-4CF0-849D-18F44F00F80A}.Debug|x64.ActiveCfg = Debug|Any CPU
		{634BF0BF-262B-4CF0-849D-18F44F00F80A}.Debug|x64.Build.0 = Debug|Any CPU
		{634BF0BF-262B-4CF0-849D-18F44F00F80A}.Debug|x86.ActiveCfg = Debug|Any CPU
		{634BF0BF-262B-4CF0-849D-18F44F00F80A}.Debug|x86.Build.0 = Debug|Any CPU
		{634BF0BF-262B-4CF0-849D-18F44F00F80A}.Release|Any CPU.ActiveCfg = Release|Any CPU
		{634BF0BF-262B-4CF0-849D-18F44F00F80A}.Release|Any CPU.Build.0 = Release|Any CPU
		{634BF0BF-262B-4CF0-849D-18F44F00F80A}.Release|x64.ActiveCfg = Release|Any CPU
		{634BF0BF-262B-4CF0-849D-18F44F00F80A}.Release|x64.Build.0 = Release|Any CPU
		{634BF0BF-262B-4CF0-849D-18F44F00F80A}.Release|x86.ActiveCfg = Release|Any CPU
		{634BF0BF-262B-4CF0-849D-18F44F00F80A}.Release|x86.Build.0 = Release|Any CPU
		{3FD02B7C-780A-41EC-83E5-B958E613C3F5}.Debug|Any CPU.ActiveCfg = Debug|Any CPU
		{3FD02B7C-780A-41EC-83E5-B958E613C3F5}.Debug|Any CPU.Build.0 = Debug|Any CPU
		{3FD02B7C-780A-41EC-83E5-B958E613C3F5}.Debug|x64.ActiveCfg = Debug|Any CPU
		{3FD02B7C-780A-41EC-83E5-B958E613C3F5}.Debug|x64.Build.0 = Debug|Any CPU
		{3FD02B7C-780A-41EC-83E5-B958E613C3F5}.Debug|x86.ActiveCfg = Debug|Any CPU
		{3FD02B7C-780A-41EC-83E5-B958E613C3F5}.Debug|x86.Build.0 = Debug|Any CPU
		{3FD02B7C-780A-41EC-83E5-B958E613C3F5}.Release|Any CPU.ActiveCfg = Release|Any CPU
		{3FD02B7C-780A-41EC-83E5-B958E613C3F5}.Release|Any CPU.Build.0 = Release|Any CPU
		{3FD02B7C-780A-41EC-83E5-B958E613C3F5}.Release|x64.ActiveCfg = Release|Any CPU
		{3FD02B7C-780A-41EC-83E5-B958E613C3F5}.Release|x64.Build.0 = Release|Any CPU
		{3FD02B7C-780A-41EC-83E5-B958E613C3F5}.Release|x86.ActiveCfg = Release|Any CPU
		{3FD02B7C-780A-41EC-83E5-B958E613C3F5}.Release|x86.Build.0 = Release|Any CPU
		{9593DF56-0E57-4A52-8B2B-D434D2455A13}.Debug|Any CPU.ActiveCfg = Debug|Any CPU
		{9593DF56-0E57-4A52-8B2B-D434D2455A13}.Debug|Any CPU.Build.0 = Debug|Any CPU
		{9593DF56-0E57-4A52-8B2B-D434D2455A13}.Debug|x64.ActiveCfg = Debug|Any CPU
		{9593DF56-0E57-4A52-8B2B-D434D2455A13}.Debug|x64.Build.0 = Debug|Any CPU
		{9593DF56-0E57-4A52-8B2B-D434D2455A13}.Debug|x86.ActiveCfg = Debug|Any CPU
		{9593DF56-0E57-4A52-8B2B-D434D2455A13}.Debug|x86.Build.0 = Debug|Any CPU
		{9593DF56-0E57-4A52-8B2B-D434D2455A13}.Release|Any CPU.ActiveCfg = Release|Any CPU
		{9593DF56-0E57-4A52-8B2B-D434D2455A13}.Release|Any CPU.Build.0 = Release|Any CPU
		{9593DF56-0E57-4A52-8B2B-D434D2455A13}.Release|x64.ActiveCfg = Release|Any CPU
		{9593DF56-0E57-4A52-8B2B-D434D2455A13}.Release|x64.Build.0 = Release|Any CPU
		{9593DF56-0E57-4A52-8B2B-D434D2455A13}.Release|x86.ActiveCfg = Release|Any CPU
		{9593DF56-0E57-4A52-8B2B-D434D2455A13}.Release|x86.Build.0 = Release|Any CPU
		{FF94668A-68CE-48AF-BACA-8E767A1843B6}.Debug|Any CPU.ActiveCfg = Debug|Any CPU
		{FF94668A-68CE-48AF-BACA-8E767A1843B6}.Debug|Any CPU.Build.0 = Debug|Any CPU
		{FF94668A-68CE-48AF-BACA-8E767A1843B6}.Debug|x64.ActiveCfg = Debug|Any CPU
		{FF94668A-68CE-48AF-BACA-8E767A1843B6}.Debug|x64.Build.0 = Debug|Any CPU
		{FF94668A-68CE-48AF-BACA-8E767A1843B6}.Debug|x86.ActiveCfg = Debug|Any CPU
		{FF94668A-68CE-48AF-BACA-8E767A1843B6}.Debug|x86.Build.0 = Debug|Any CPU
		{FF94668A-68CE-48AF-BACA-8E767A1843B6}.Release|Any CPU.ActiveCfg = Release|Any CPU
		{FF94668A-68CE-48AF-BACA-8E767A1843B6}.Release|Any CPU.Build.0 = Release|Any CPU
		{FF94668A-68CE-48AF-BACA-8E767A1843B6}.Release|x64.ActiveCfg = Release|Any CPU
		{FF94668A-68CE-48AF-BACA-8E767A1843B6}.Release|x64.Build.0 = Release|Any CPU
		{FF94668A-68CE-48AF-BACA-8E767A1843B6}.Release|x86.ActiveCfg = Release|Any CPU
		{FF94668A-68CE-48AF-BACA-8E767A1843B6}.Release|x86.Build.0 = Release|Any CPU
		{40692837-357E-4CAE-A757-D31A039F89D3}.Debug|Any CPU.ActiveCfg = Debug|Any CPU
		{40692837-357E-4CAE-A757-D31A039F89D3}.Debug|Any CPU.Build.0 = Debug|Any CPU
		{40692837-357E-4CAE-A757-D31A039F89D3}.Debug|x64.ActiveCfg = Debug|Any CPU
		{40692837-357E-4CAE-A757-D31A039F89D3}.Debug|x64.Build.0 = Debug|Any CPU
		{40692837-357E-4CAE-A757-D31A039F89D3}.Debug|x86.ActiveCfg = Debug|Any CPU
		{40692837-357E-4CAE-A757-D31A039F89D3}.Debug|x86.Build.0 = Debug|Any CPU
		{40692837-357E-4CAE-A757-D31A039F89D3}.Release|Any CPU.ActiveCfg = Release|Any CPU
		{40692837-357E-4CAE-A757-D31A039F89D3}.Release|Any CPU.Build.0 = Release|Any CPU
		{40692837-357E-4CAE-A757-D31A039F89D3}.Release|x64.ActiveCfg = Release|Any CPU
		{40692837-357E-4CAE-A757-D31A039F89D3}.Release|x64.Build.0 = Release|Any CPU
		{40692837-357E-4CAE-A757-D31A039F89D3}.Release|x86.ActiveCfg = Release|Any CPU
		{40692837-357E-4CAE-A757-D31A039F89D3}.Release|x86.Build.0 = Release|Any CPU
		{4DC02520-9D08-4857-B60E-65BA52176D73}.Debug|Any CPU.ActiveCfg = Debug|Any CPU
		{4DC02520-9D08-4857-B60E-65BA52176D73}.Debug|Any CPU.Build.0 = Debug|Any CPU
		{4DC02520-9D08-4857-B60E-65BA52176D73}.Debug|x64.ActiveCfg = Debug|Any CPU
		{4DC02520-9D08-4857-B60E-65BA52176D73}.Debug|x64.Build.0 = Debug|Any CPU
		{4DC02520-9D08-4857-B60E-65BA52176D73}.Debug|x86.ActiveCfg = Debug|Any CPU
		{4DC02520-9D08-4857-B60E-65BA52176D73}.Debug|x86.Build.0 = Debug|Any CPU
		{4DC02520-9D08-4857-B60E-65BA52176D73}.Release|Any CPU.ActiveCfg = Release|Any CPU
		{4DC02520-9D08-4857-B60E-65BA52176D73}.Release|Any CPU.Build.0 = Release|Any CPU
		{4DC02520-9D08-4857-B60E-65BA52176D73}.Release|x64.ActiveCfg = Release|Any CPU
		{4DC02520-9D08-4857-B60E-65BA52176D73}.Release|x64.Build.0 = Release|Any CPU
		{4DC02520-9D08-4857-B60E-65BA52176D73}.Release|x86.ActiveCfg = Release|Any CPU
		{4DC02520-9D08-4857-B60E-65BA52176D73}.Release|x86.Build.0 = Release|Any CPU
		{2B0BFE40-68E5-47DD-849A-8467BBC702F5}.Debug|Any CPU.ActiveCfg = Debug|Any CPU
		{2B0BFE40-68E5-47DD-849A-8467BBC702F5}.Debug|Any CPU.Build.0 = Debug|Any CPU
		{2B0BFE40-68E5-47DD-849A-8467BBC702F5}.Debug|x64.ActiveCfg = Debug|Any CPU
		{2B0BFE40-68E5-47DD-849A-8467BBC702F5}.Debug|x64.Build.0 = Debug|Any CPU
		{2B0BFE40-68E5-47DD-849A-8467BBC702F5}.Debug|x86.ActiveCfg = Debug|Any CPU
		{2B0BFE40-68E5-47DD-849A-8467BBC702F5}.Debug|x86.Build.0 = Debug|Any CPU
		{2B0BFE40-68E5-47DD-849A-8467BBC702F5}.Release|Any CPU.ActiveCfg = Release|Any CPU
		{2B0BFE40-68E5-47DD-849A-8467BBC702F5}.Release|Any CPU.Build.0 = Release|Any CPU
		{2B0BFE40-68E5-47DD-849A-8467BBC702F5}.Release|x64.ActiveCfg = Release|Any CPU
		{2B0BFE40-68E5-47DD-849A-8467BBC702F5}.Release|x64.Build.0 = Release|Any CPU
		{2B0BFE40-68E5-47DD-849A-8467BBC702F5}.Release|x86.ActiveCfg = Release|Any CPU
		{2B0BFE40-68E5-47DD-849A-8467BBC702F5}.Release|x86.Build.0 = Release|Any CPU
	EndGlobalSection
	GlobalSection(SolutionProperties) = preSolution
		HideSolutionNode = FALSE
	EndGlobalSection
	GlobalSection(NestedProjects) = preSolution
		{AC631A6D-9908-48B1-8248-0B609CAF499A} = {827E0CD3-B72D-47B6-A68D-7590B98EB39B}
		{634BF0BF-262B-4CF0-849D-18F44F00F80A} = {827E0CD3-B72D-47B6-A68D-7590B98EB39B}
		{3FD02B7C-780A-41EC-83E5-B958E613C3F5} = {827E0CD3-B72D-47B6-A68D-7590B98EB39B}
		{9593DF56-0E57-4A52-8B2B-D434D2455A13} = {827E0CD3-B72D-47B6-A68D-7590B98EB39B}
		{B99945AE-43EE-86F1-07AD-E6368DA94D16} = {827E0CD3-B72D-47B6-A68D-7590B98EB39B}
		{FF94668A-68CE-48AF-BACA-8E767A1843B6} = {B99945AE-43EE-86F1-07AD-E6368DA94D16}
		{40692837-357E-4CAE-A757-D31A039F89D3} = {B99945AE-43EE-86F1-07AD-E6368DA94D16}
		{4DC02520-9D08-4857-B60E-65BA52176D73} = {B99945AE-43EE-86F1-07AD-E6368DA94D16}
		{2B0BFE40-68E5-47DD-849A-8467BBC702F5} = {B99945AE-43EE-86F1-07AD-E6368DA94D16}
	EndGlobalSection
EndGlobal
